
Microsoft Visual Studio Solution File, Format Version 12.00
# Visual Studio 15
Project("{FAE04EC0-301F-11D3-BF4B-00C04F79EFBC}") = "PartyBall", "PartyBall.csproj", "{2ECBE121-F02F-4103-8141-6E8B8B6C5113}"
EndProject
Global
	GlobalSection(SolutionConfigurationPlatforms) = preSolution
		Debug|Any CPU = Debug|Any CPU
		Release|Any CPU = Release|Any CPU
	EndGlobalSection
	GlobalSection(ProjectConfigurationPlatforms) = postSolution
		{2ECBE121-F02F-4103-8141-6E8B8B6C5113}.Debug|Any CPU.ActiveCfg = Debug|Any CPU
		{2ECBE121-F02F-4103-8141-6E8B8B6C5113}.Debug|Any CPU.Build.0 = Debug|Any CPU
		{2ECBE121-F02F-4103-8141-6E8B8B6C5113}.Release|Any CPU.ActiveCfg = Release|Any CPU
		{2ECBE121-F02F-4103-8141-6E8B8B6C5113}.Release|Any CPU.Build.0 = Release|Any CPU
	EndGlobalSection
EndGlobal
